
Microsoft Visual Studio Solution File, Format Version 12.00
# Visual Studio Version 17
VisualStudioVersion = 17.9.34701.34
MinimumVisualStudioVersion = 10.0.40219.1
Project("{FAE04EC0-301F-11D3-BF4B-00C04F79EFBC}") = "SerialPortCommunicateToolApp", "SerialPortCommunicateToolApp\SerialPortCommunicateToolApp.csproj", "{4A6FB004-B5A0-4170-B093-0EF412F64F36}"
EndProject
Global
	GlobalSection(SolutionConfigurationPlatforms) = preSolution
		Debug|Any CPU = Debug|Any CPU
		Release|Any CPU = Release|Any CPU
	EndGlobalSection
	GlobalSection(ProjectConfigurationPlatforms) = postSolution
		{4A6FB004-B5A0-4170-B093-0EF412F64F36}.Debug|Any CPU.ActiveCfg = Debug|Any CPU
		{4A6FB004-B5A0-4170-B093-0EF412F64F36}.Debug|Any CPU.Build.0 = Debug|Any CPU
		{4A6FB004-B5A0-4170-B093-0EF412F64F36}.Release|Any CPU.ActiveCfg = Release|Any CPU
		{4A6FB004-B5A0-4170-B093-0EF412F64F36}.Release|Any CPU.Build.0 = Release|Any CPU
	EndGlobalSection
	GlobalSection(SolutionProperties) = preSolution
		HideSolutionNode = FALSE
	EndGlobalSection
	GlobalSection(ExtensibilityGlobals) = postSolution
		SolutionGuid = {7237E766-E954-4155-BA20-F69D4CFE3BFC}
	EndGlobalSection
EndGlobal
